
Microsoft Visual Studio Solution File, Format Version 12.00
# Visual Studio 14
VisualStudioVersion = 14.0.25420.1
MinimumVisualStudioVersion = 10.0.40219.1
Project("{FAE04EC0-301F-11D3-BF4B-00C04F79EFBC}") = "Sj.Mg.Idsrv4", "Sj.Mg.Idsrv4\Sj.Mg.Idsrv4.csproj", "{86F6728D-9F2C-4865-8E07-F4B1FB2FC817}"
EndProject
Project("{2150E333-8FDC-42A3-9474-1A3956D46DE8}") = "Shared", "Shared", "{D7CB0C1E-3AC8-44D8-87C3-F10333D29C0A}"
EndProject
Project("{FAE04EC0-301F-11D3-BF4B-00C04F79EFBC}") = "Constants", "Constants\Constants.csproj", "{9A01BADF-2846-48E6-A1AE-14926F3F6022}"
EndProject
Project("{FAE04EC0-301F-11D3-BF4B-00C04F79EFBC}") = "Core", "Core\Core.csproj", "{FB9E026E-BAB3-498A-A954-B93B05C146A5}"
EndProject
Project("{2150E333-8FDC-42A3-9474-1A3956D46DE8}") = "Api", "Api", "{422DA515-ACB2-4D87-971F-55B9B96C9F2D}"
EndProject
Project("{FAE04EC0-301F-11D3-BF4B-00C04F79EFBC}") = "Re.Api", "Re.Api\Re.Api.csproj", "{9FA47AB6-8193-445B-A147-C60B5D20B059}"
EndProject
Project("{2150E333-8FDC-42A3-9474-1A3956D46DE8}") = "Client", "Client", "{13D26575-574D-4CC5-8B1B-9B2CF6B38763}"
EndProject
Project("{FAE04EC0-301F-11D3-BF4B-00C04F79EFBC}") = "Relief.Express.Mvc", "Relief.Express.Mvc\Relief.Express.Mvc.csproj", "{98B9AD9F-40AB-4AB8-AC9F-17CAC6A1B57C}"
EndProject
Project("{FAE04EC0-301F-11D3-BF4B-00C04F79EFBC}") = "Nuero.Express.Ajax", "Nuero.Express.Ajax\Nuero.Express.Ajax.csproj", "{7D3BD351-5677-4620-8D6F-F448C2C90EC5}"
EndProject
Project("{2150E333-8FDC-42A3-9474-1A3956D46DE8}") = "TestUI", "TestUI", "{F7A534E9-6C09-4C99-98CB-D84337C91B4D}"
EndProject
Project("{FAE04EC0-301F-11D3-BF4B-00C04F79EFBC}") = "oAuth2.openidconnect.Uma.Test", "oAuth2.openidconnect.Uma.Test\oAuth2.openidconnect.Uma.Test.csproj", "{575C8225-4909-46BC-91F5-905813E98979}"
EndProject
Project("{2150E333-8FDC-42A3-9474-1A3956D46DE8}") = "UnitTest", "UnitTest", "{293587F1-3F81-403F-B450-164782431B5C}"
EndProject
Project("{FAE04EC0-301F-11D3-BF4B-00C04F79EFBC}") = "ClientTest", "ClientTest\ClientTest.csproj", "{8209F85A-E2C7-41BC-A82A-F0FFA2E002C9}"
EndProject
Project("{FAE04EC0-301F-11D3-BF4B-00C04F79EFBC}") = "Medinova.Emr.Fhir", "Medinova.Emr.Fhir\Medinova.Emr.Fhir.csproj", "{811D892F-8FC2-44F6-81CB-93AEB5C4696E}"
EndProject
Global
	GlobalSection(SolutionConfigurationPlatforms) = preSolution
		AzureWebSites|Android = AzureWebSites|Android
		AzureWebSites|Any CPU = AzureWebSites|Any CPU
		AzureWebSites|iOS = AzureWebSites|iOS
		AzureWebSites|Windows Phone (Universal) = AzureWebSites|Windows Phone (Universal)
		AzureWebSites|Windows Phone 8 = AzureWebSites|Windows Phone 8
		AzureWebSites|Windows-AnyCPU = AzureWebSites|Windows-AnyCPU
		AzureWebSites|Windows-ARM = AzureWebSites|Windows-ARM
		AzureWebSites|Windows-x64 = AzureWebSites|Windows-x64
		AzureWebSites|Windows-x86 = AzureWebSites|Windows-x86
		Debug|Android = Debug|Android
		Debug|Any CPU = Debug|Any CPU
		Debug|iOS = Debug|iOS
		Debug|Windows Phone (Universal) = Debug|Windows Phone (Universal)
		Debug|Windows Phone 8 = Debug|Windows Phone 8
		Debug|Windows-AnyCPU = Debug|Windows-AnyCPU
		Debug|Windows-ARM = Debug|Windows-ARM
		Debug|Windows-x64 = Debug|Windows-x64
		Debug|Windows-x86 = Debug|Windows-x86
		Release|Android = Release|Android
		Release|Any CPU = Release|Any CPU
		Release|iOS = Release|iOS
		Release|Windows Phone (Universal) = Release|Windows Phone (Universal)
		Release|Windows Phone 8 = Release|Windows Phone 8
		Release|Windows-AnyCPU = Release|Windows-AnyCPU
		Release|Windows-ARM = Release|Windows-ARM
		Release|Windows-x64 = Release|Windows-x64
		Release|Windows-x86 = Release|Windows-x86
	EndGlobalSection
	GlobalSection(ProjectConfigurationPlatforms) = postSolution
		{86F6728D-9F2C-4865-8E07-F4B1FB2FC817}.AzureWebSites|Android.ActiveCfg = Debug|Any CPU
		{86F6728D-9F2C-4865-8E07-F4B1FB2FC817}.AzureWebSites|Android.Build.0 = Debug|Any CPU
		{86F6728D-9F2C-4865-8E07-F4B1FB2FC817}.AzureWebSites|Any CPU.ActiveCfg = Release|Any CPU
		{86F6728D-9F2C-4865-8E07-F4B1FB2FC817}.AzureWebSites|Any CPU.Build.0 = Release|Any CPU
		{86F6728D-9F2C-4865-8E07-F4B1FB2FC817}.AzureWebSites|iOS.ActiveCfg = Debug|Any CPU
		{86F6728D-9F2C-4865-8E07-F4B1FB2FC817}.AzureWebSites|iOS.Build.0 = Debug|Any CPU
		{86F6728D-9F2C-4865-8E07-F4B1FB2FC817}.AzureWebSites|Windows Phone (Universal).ActiveCfg = Debug|Any CPU
		{86F6728D-9F2C-4865-8E07-F4B1FB2FC817}.AzureWebSites|Windows Phone (Universal).Build.0 = Debug|Any CPU
		{86F6728D-9F2C-4865-8E07-F4B1FB2FC817}.AzureWebSites|Windows Phone 8.ActiveCfg = Debug|Any CPU
		{86F6728D-9F2C-4865-8E07-F4B1FB2FC817}.AzureWebSites|Windows Phone 8.Build.0 = Debug|Any CPU
		{86F6728D-9F2C-4865-8E07-F4B1FB2FC817}.AzureWebSites|Windows-AnyCPU.ActiveCfg = Debug|Any CPU
		{86F6728D-9F2C-4865-8E07-F4B1FB2FC817}.AzureWebSites|Windows-AnyCPU.Build.0 = Debug|Any CPU
		{86F6728D-9F2C-4865-8E07-F4B1FB2FC817}.AzureWebSites|Windows-ARM.ActiveCfg = Debug|Any CPU
		{86F6728D-9F2C-4865-8E07-F4B1FB2FC817}.AzureWebSites|Windows-ARM.Build.0 = Debug|Any CPU
		{86F6728D-9F2C-4865-8E07-F4B1FB2FC817}.AzureWebSites|Windows-x64.ActiveCfg = Debug|Any CPU
		{86F6728D-9F2C-4865-8E07-F4B1FB2FC817}.AzureWebSites|Windows-x64.Build.0 = Debug|Any CPU
		{86F6728D-9F2C-4865-8E07-F4B1FB2FC817}.AzureWebSites|Windows-x86.ActiveCfg = Debug|Any CPU
		{86F6728D-9F2C-4865-8E07-F4B1FB2FC817}.AzureWebSites|Windows-x86.Build.0 = Debug|Any CPU
		{86F6728D-9F2C-4865-8E07-F4B1FB2FC817}.Debug|Android.ActiveCfg = Debug|Any CPU
		{86F6728D-9F2C-4865-8E07-F4B1FB2FC817}.Debug|Android.Build.0 = Debug|Any CPU
		{86F6728D-9F2C-4865-8E07-F4B1FB2FC817}.Debug|Any CPU.ActiveCfg = Debug|Any CPU
		{86F6728D-9F2C-4865-8E07-F4B1FB2FC817}.Debug|Any CPU.Build.0 = Debug|Any CPU
		{86F6728D-9F2C-4865-8E07-F4B1FB2FC817}.Debug|iOS.ActiveCfg = Debug|Any CPU
		{86F6728D-9F2C-4865-8E07-F4B1FB2FC817}.Debug|iOS.Build.0 = Debug|Any CPU
		{86F6728D-9F2C-4865-8E07-F4B1FB2FC817}.Debug|Windows Phone (Universal).ActiveCfg = Debug|Any CPU
		{86F6728D-9F2C-4865-8E07-F4B1FB2FC817}.Debug|Windows Phone (Universal).Build.0 = Debug|Any CPU
		{86F6728D-9F2C-4865-8E07-F4B1FB2FC817}.Debug|Windows Phone 8.ActiveCfg = Debug|Any CPU
		{86F6728D-9F2C-4865-8E07-F4B1FB2FC817}.Debug|Windows Phone 8.Build.0 = Debug|Any CPU
		{86F6728D-9F2C-4865-8E07-F4B1FB2FC817}.Debug|Windows-AnyCPU.ActiveCfg = Debug|Any CPU
		{86F6728D-9F2C-4865-8E07-F4B1FB2FC817}.Debug|Windows-AnyCPU.Build.0 = Debug|Any CPU
		{86F6728D-9F2C-4865-8E07-F4B1FB2FC817}.Debug|Windows-ARM.ActiveCfg = Debug|Any CPU
		{86F6728D-9F2C-4865-8E07-F4B1FB2FC817}.Debug|Windows-ARM.Build.0 = Debug|Any CPU
		{86F6728D-9F2C-4865-8E07-F4B1FB2FC817}.Debug|Windows-x64.ActiveCfg = Debug|Any CPU
		{86F6728D-9F2C-4865-8E07-F4B1FB2FC817}.Debug|Windows-x64.Build.0 = Debug|Any CPU
		{86F6728D-9F2C-4865-8E07-F4B1FB2FC817}.Debug|Windows-x86.ActiveCfg = Debug|Any CPU
		{86F6728D-9F2C-4865-8E07-F4B1FB2FC817}.Debug|Windows-x86.Build.0 = Debug|Any CPU
		{86F6728D-9F2C-4865-8E07-F4B1FB2FC817}.Release|Android.ActiveCfg = Release|Any CPU
		{86F6728D-9F2C-4865-8E07-F4B1FB2FC817}.Release|Android.Build.0 = Release|Any CPU
		{86F6728D-9F2C-4865-8E07-F4B1FB2FC817}.Release|Any CPU.ActiveCfg = Release|Any CPU
		{86F6728D-9F2C-4865-8E07-F4B1FB2FC817}.Release|Any CPU.Build.0 = Release|Any CPU
		{86F6728D-9F2C-4865-8E07-F4B1FB2FC817}.Release|iOS.ActiveCfg = Release|Any CPU
		{86F6728D-9F2C-4865-8E07-F4B1FB2FC817}.Release|iOS.Build.0 = Release|Any CPU
		{86F6728D-9F2C-4865-8E07-F4B1FB2FC817}.Release|Windows Phone (Universal).ActiveCfg = Release|Any CPU
		{86F6728D-9F2C-4865-8E07-F4B1FB2FC817}.Release|Windows Phone (Universal).Build.0 = Release|Any CPU
		{86F6728D-9F2C-4865-8E07-F4B1FB2FC817}.Release|Windows Phone 8.ActiveCfg = Release|Any CPU
		{86F6728D-9F2C-4865-8E07-F4B1FB2FC817}.Release|Windows Phone 8.Build.0 = Release|Any CPU
		{86F6728D-9F2C-4865-8E07-F4B1FB2FC817}.Release|Windows-AnyCPU.ActiveCfg = Release|Any CPU
		{86F6728D-9F2C-4865-8E07-F4B1FB2FC817}.Release|Windows-AnyCPU.Build.0 = Release|Any CPU
		{86F6728D-9F2C-4865-8E07-F4B1FB2FC817}.Release|Windows-ARM.ActiveCfg = Release|Any CPU
		{86F6728D-9F2C-4865-8E07-F4B1FB2FC817}.Release|Windows-ARM.Build.0 = Release|Any CPU
		{86F6728D-9F2C-4865-8E07-F4B1FB2FC817}.Release|Windows-x64.ActiveCfg = Release|Any CPU
		{86F6728D-9F2C-4865-8E07-F4B1FB2FC817}.Release|Windows-x64.Build.0 = Release|Any CPU
		{86F6728D-9F2C-4865-8E07-F4B1FB2FC817}.Release|Windows-x86.ActiveCfg = Release|Any CPU
		{86F6728D-9F2C-4865-8E07-F4B1FB2FC817}.Release|Windows-x86.Build.0 = Release|Any CPU
		{9A01BADF-2846-48E6-A1AE-14926F3F6022}.AzureWebSites|Android.ActiveCfg = Debug|Any CPU
		{9A01BADF-2846-48E6-A1AE-14926F3F6022}.AzureWebSites|Android.Build.0 = Debug|Any CPU
		{9A01BADF-2846-48E6-A1AE-14926F3F6022}.AzureWebSites|Any CPU.ActiveCfg = Release|Any CPU
		{9A01BADF-2846-48E6-A1AE-14926F3F6022}.AzureWebSites|Any CPU.Build.0 = Release|Any CPU
		{9A01BADF-2846-48E6-A1AE-14926F3F6022}.AzureWebSites|iOS.ActiveCfg = Debug|Any CPU
		{9A01BADF-2846-48E6-A1AE-14926F3F6022}.AzureWebSites|iOS.Build.0 = Debug|Any CPU
		{9A01BADF-2846-48E6-A1AE-14926F3F6022}.AzureWebSites|Windows Phone (Universal).ActiveCfg = Debug|Any CPU
		{9A01BADF-2846-48E6-A1AE-14926F3F6022}.AzureWebSites|Windows Phone (Universal).Build.0 = Debug|Any CPU
		{9A01BADF-2846-48E6-A1AE-14926F3F6022}.AzureWebSites|Windows Phone 8.ActiveCfg = Debug|Any CPU
		{9A01BADF-2846-48E6-A1AE-14926F3F6022}.AzureWebSites|Windows Phone 8.Build.0 = Debug|Any CPU
		{9A01BADF-2846-48E6-A1AE-14926F3F6022}.AzureWebSites|Windows-AnyCPU.ActiveCfg = Debug|Any CPU
		{9A01BADF-2846-48E6-A1AE-14926F3F6022}.AzureWebSites|Windows-AnyCPU.Build.0 = Debug|Any CPU
		{9A01BADF-2846-48E6-A1AE-14926F3F6022}.AzureWebSites|Windows-ARM.ActiveCfg = Debug|Any CPU
		{9A01BADF-2846-48E6-A1AE-14926F3F6022}.AzureWebSites|Windows-ARM.Build.0 = Debug|Any CPU
		{9A01BADF-2846-48E6-A1AE-14926F3F6022}.AzureWebSites|Windows-x64.ActiveCfg = Debug|Any CPU
		{9A01BADF-2846-48E6-A1AE-14926F3F6022}.AzureWebSites|Windows-x64.Build.0 = Debug|Any CPU
		{9A01BADF-2846-48E6-A1AE-14926F3F6022}.AzureWebSites|Windows-x86.ActiveCfg = Debug|Any CPU
		{9A01BADF-2846-48E6-A1AE-14926F3F6022}.AzureWebSites|Windows-x86.Build.0 = Debug|Any CPU
		{9A01BADF-2846-48E6-A1AE-14926F3F6022}.Debug|Android.ActiveCfg = Debug|Any CPU
		{9A01BADF-2846-48E6-A1AE-14926F3F6022}.Debug|Android.Build.0 = Debug|Any CPU
		{9A01BADF-2846-48E6-A1AE-14926F3F6022}.Debug|Any CPU.ActiveCfg = Debug|Any CPU
		{9A01BADF-2846-48E6-A1AE-14926F3F6022}.Debug|Any CPU.Build.0 = Debug|Any CPU
		{9A01BADF-2846-48E6-A1AE-14926F3F6022}.Debug|iOS.ActiveCfg = Debug|Any CPU
		{9A01BADF-2846-48E6-A1AE-14926F3F6022}.Debug|iOS.Build.0 = Debug|Any CPU
		{9A01BADF-2846-48E6-A1AE-14926F3F6022}.Debug|Windows Phone (Universal).ActiveCfg = Debug|Any CPU
		{9A01BADF-2846-48E6-A1AE-14926F3F6022}.Debug|Windows Phone (Universal).Build.0 = Debug|Any CPU
		{9A01BADF-2846-48E6-A1AE-14926F3F6022}.Debug|Windows Phone 8.ActiveCfg = Debug|Any CPU
		{9A01BADF-2846-48E6-A1AE-14926F3F6022}.Debug|Windows Phone 8.Build.0 = Debug|Any CPU
		{9A01BADF-2846-48E6-A1AE-14926F3F6022}.Debug|Windows-AnyCPU.ActiveCfg = Debug|Any CPU
		{9A01BADF-2846-48E6-A1AE-14926F3F6022}.Debug|Windows-AnyCPU.Build.0 = Debug|Any CPU
		{9A01BADF-2846-48E6-A1AE-14926F3F6022}.Debug|Windows-ARM.ActiveCfg = Debug|Any CPU
		{9A01BADF-2846-48E6-A1AE-14926F3F6022}.Debug|Windows-ARM.Build.0 = Debug|Any CPU
		{9A01BADF-2846-48E6-A1AE-14926F3F6022}.Debug|Windows-x64.ActiveCfg = Debug|Any CPU
		{9A01BADF-2846-48E6-A1AE-14926F3F6022}.Debug|Windows-x64.Build.0 = Debug|Any CPU
		{9A01BADF-2846-48E6-A1AE-14926F3F6022}.Debug|Windows-x86.ActiveCfg = Debug|Any CPU
		{9A01BADF-2846-48E6-A1AE-14926F3F6022}.Debug|Windows-x86.Build.0 = Debug|Any CPU
		{9A01BADF-2846-48E6-A1AE-14926F3F6022}.Release|Android.ActiveCfg = Release|Any CPU
		{9A01BADF-2846-48E6-A1AE-14926F3F6022}.Release|Android.Build.0 = Release|Any CPU
		{9A01BADF-2846-48E6-A1AE-14926F3F6022}.Release|Any CPU.ActiveCfg = Release|Any CPU
		{9A01BADF-2846-48E6-A1AE-14926F3F6022}.Release|Any CPU.Build.0 = Release|Any CPU
		{9A01BADF-2846-48E6-A1AE-14926F3F6022}.Release|iOS.ActiveCfg = Release|Any CPU
		{9A01BADF-2846-48E6-A1AE-14926F3F6022}.Release|iOS.Build.0 = Release|Any CPU
		{9A01BADF-2846-48E6-A1AE-14926F3F6022}.Release|Windows Phone (Universal).ActiveCfg = Release|Any CPU
		{9A01BADF-2846-48E6-A1AE-14926F3F6022}.Release|Windows Phone (Universal).Build.0 = Release|Any CPU
		{9A01BADF-2846-48E6-A1AE-14926F3F6022}.Release|Windows Phone 8.ActiveCfg = Release|Any CPU
		{9A01BADF-2846-48E6-A1AE-14926F3F6022}.Release|Windows Phone 8.Build.0 = Release|Any CPU
		{9A01BADF-2846-48E6-A1AE-14926F3F6022}.Release|Windows-AnyCPU.ActiveCfg = Release|Any CPU
		{9A01BADF-2846-48E6-A1AE-14926F3F6022}.Release|Windows-AnyCPU.Build.0 = Release|Any CPU
		{9A01BADF-2846-48E6-A1AE-14926F3F6022}.Release|Windows-ARM.ActiveCfg = Release|Any CPU
		{9A01BADF-2846-48E6-A1AE-14926F3F6022}.Release|Windows-ARM.Build.0 = Release|Any CPU
		{9A01BADF-2846-48E6-A1AE-14926F3F6022}.Release|Windows-x64.ActiveCfg = Release|Any CPU
		{9A01BADF-2846-48E6-A1AE-14926F3F6022}.Release|Windows-x64.Build.0 = Release|Any CPU
		{9A01BADF-2846-48E6-A1AE-14926F3F6022}.Release|Windows-x86.ActiveCfg = Release|Any CPU
		{9A01BADF-2846-48E6-A1AE-14926F3F6022}.Release|Windows-x86.Build.0 = Release|Any CPU
		{FB9E026E-BAB3-498A-A954-B93B05C146A5}.AzureWebSites|Android.ActiveCfg = AzureWebSites|Any CPU
		{FB9E026E-BAB3-498A-A954-B93B05C146A5}.AzureWebSites|Android.Build.0 = AzureWebSites|Any CPU
		{FB9E026E-BAB3-498A-A954-B93B05C146A5}.AzureWebSites|Any CPU.ActiveCfg = AzureWebSites|Any CPU
		{FB9E026E-BAB3-498A-A954-B93B05C146A5}.AzureWebSites|Any CPU.Build.0 = AzureWebSites|Any CPU
		{FB9E026E-BAB3-498A-A954-B93B05C146A5}.AzureWebSites|iOS.ActiveCfg = AzureWebSites|Any CPU
		{FB9E026E-BAB3-498A-A954-B93B05C146A5}.AzureWebSites|iOS.Build.0 = AzureWebSites|Any CPU
		{FB9E026E-BAB3-498A-A954-B93B05C146A5}.AzureWebSites|Windows Phone (Universal).ActiveCfg = AzureWebSites|Any CPU
		{FB9E026E-BAB3-498A-A954-B93B05C146A5}.AzureWebSites|Windows Phone (Universal).Build.0 = AzureWebSites|Any CPU
		{FB9E026E-BAB3-498A-A954-B93B05C146A5}.AzureWebSites|Windows Phone 8.ActiveCfg = AzureWebSites|Any CPU
		{FB9E026E-BAB3-498A-A954-B93B05C146A5}.AzureWebSites|Windows Phone 8.Build.0 = AzureWebSites|Any CPU
		{FB9E026E-BAB3-498A-A954-B93B05C146A5}.AzureWebSites|Windows-AnyCPU.ActiveCfg = AzureWebSites|Any CPU
		{FB9E026E-BAB3-498A-A954-B93B05C146A5}.AzureWebSites|Windows-AnyCPU.Build.0 = AzureWebSites|Any CPU
		{FB9E026E-BAB3-498A-A954-B93B05C146A5}.AzureWebSites|Windows-ARM.ActiveCfg = AzureWebSites|Any CPU
		{FB9E026E-BAB3-498A-A954-B93B05C146A5}.AzureWebSites|Windows-ARM.Build.0 = AzureWebSites|Any CPU
		{FB9E026E-BAB3-498A-A954-B93B05C146A5}.AzureWebSites|Windows-x64.ActiveCfg = AzureWebSites|Any CPU
		{FB9E026E-BAB3-498A-A954-B93B05C146A5}.AzureWebSites|Windows-x64.Build.0 = AzureWebSites|Any CPU
		{FB9E026E-BAB3-498A-A954-B93B05C146A5}.AzureWebSites|Windows-x86.ActiveCfg = AzureWebSites|Any CPU
		{FB9E026E-BAB3-498A-A954-B93B05C146A5}.AzureWebSites|Windows-x86.Build.0 = AzureWebSites|Any CPU
		{FB9E026E-BAB3-498A-A954-B93B05C146A5}.Debug|Android.ActiveCfg = Debug|Any CPU
		{FB9E026E-BAB3-498A-A954-B93B05C146A5}.Debug|Android.Build.0 = Debug|Any CPU
		{FB9E026E-BAB3-498A-A954-B93B05C146A5}.Debug|Any CPU.ActiveCfg = Debug|Any CPU
		{FB9E026E-BAB3-498A-A954-B93B05C146A5}.Debug|Any CPU.Build.0 = Debug|Any CPU
		{FB9E026E-BAB3-498A-A954-B93B05C146A5}.Debug|iOS.ActiveCfg = Debug|Any CPU
		{FB9E026E-BAB3-498A-A954-B93B05C146A5}.Debug|iOS.Build.0 = Debug|Any CPU
		{FB9E026E-BAB3-498A-A954-B93B05C146A5}.Debug|Windows Phone (Universal).ActiveCfg = Debug|Any CPU
		{FB9E026E-BAB3-498A-A954-B93B05C146A5}.Debug|Windows Phone (Universal).Build.0 = Debug|Any CPU
		{FB9E026E-BAB3-498A-A954-B93B05C146A5}.Debug|Windows Phone 8.ActiveCfg = Debug|Any CPU
		{FB9E026E-BAB3-498A-A954-B93B05C146A5}.Debug|Windows Phone 8.Build.0 = Debug|Any CPU
		{FB9E026E-BAB3-498A-A954-B93B05C146A5}.Debug|Windows-AnyCPU.ActiveCfg = Debug|Any CPU
		{FB9E026E-BAB3-498A-A954-B93B05C146A5}.Debug|Windows-AnyCPU.Build.0 = Debug|Any CPU
		{FB9E026E-BAB3-498A-A954-B93B05C146A5}.Debug|Windows-ARM.ActiveCfg = Debug|Any CPU
		{FB9E026E-BAB3-498A-A954-B93B05C146A5}.Debug|Windows-ARM.Build.0 = Debug|Any CPU
		{FB9E026E-BAB3-498A-A954-B93B05C146A5}.Debug|Windows-x64.ActiveCfg = Debug|Any CPU
		{FB9E026E-BAB3-498A-A954-B93B05C146A5}.Debug|Windows-x64.Build.0 = Debug|Any CPU
		{FB9E026E-BAB3-498A-A954-B93B05C146A5}.Debug|Windows-x86.ActiveCfg = Debug|Any CPU
		{FB9E026E-BAB3-498A-A954-B93B05C146A5}.Debug|Windows-x86.Build.0 = Debug|Any CPU
		{FB9E026E-BAB3-498A-A954-B93B05C146A5}.Release|Android.ActiveCfg = Release|Any CPU
		{FB9E026E-BAB3-498A-A954-B93B05C146A5}.Release|Android.Build.0 = Release|Any CPU
		{FB9E026E-BAB3-498A-A954-B93B05C146A5}.Release|Any CPU.ActiveCfg = Release|Any CPU
		{FB9E026E-BAB3-498A-A954-B93B05C146A5}.Release|Any CPU.Build.0 = Release|Any CPU
		{FB9E026E-BAB3-498A-A954-B93B05C146A5}.Release|iOS.ActiveCfg = Release|Any CPU
		{FB9E026E-BAB3-498A-A954-B93B05C146A5}.Release|iOS.Build.0 = Release|Any CPU
		{FB9E026E-BAB3-498A-A954-B93B05C146A5}.Release|Windows Phone (Universal).ActiveCfg = Release|Any CPU
		{FB9E026E-BAB3-498A-A954-B93B05C146A5}.Release|Windows Phone (Universal).Build.0 = Release|Any CPU
		{FB9E026E-BAB3-498A-A954-B93B05C146A5}.Release|Windows Phone 8.ActiveCfg = Release|Any CPU
		{FB9E026E-BAB3-498A-A954-B93B05C146A5}.Release|Windows Phone 8.Build.0 = Release|Any CPU
		{FB9E026E-BAB3-498A-A954-B93B05C146A5}.Release|Windows-AnyCPU.ActiveCfg = Release|Any CPU
		{FB9E026E-BAB3-498A-A954-B93B05C146A5}.Release|Windows-AnyCPU.Build.0 = Release|Any CPU
		{FB9E026E-BAB3-498A-A954-B93B05C146A5}.Release|Windows-ARM.ActiveCfg = Release|Any CPU
		{FB9E026E-BAB3-498A-A954-B93B05C146A5}.Release|Windows-ARM.Build.0 = Release|Any CPU
		{FB9E026E-BAB3-498A-A954-B93B05C146A5}.Release|Windows-x64.ActiveCfg = Release|Any CPU
		{FB9E026E-BAB3-498A-A954-B93B05C146A5}.Release|Windows-x64.Build.0 = Release|Any CPU
		{FB9E026E-BAB3-498A-A954-B93B05C146A5}.Release|Windows-x86.ActiveCfg = Release|Any CPU
		{FB9E026E-BAB3-498A-A954-B93B05C146A5}.Release|Windows-x86.Build.0 = Release|Any CPU
		{9FA47AB6-8193-445B-A147-C60B5D20B059}.AzureWebSites|Android.ActiveCfg = Debug|Any CPU
		{9FA47AB6-8193-445B-A147-C60B5D20B059}.AzureWebSites|Android.Build.0 = Debug|Any CPU
		{9FA47AB6-8193-445B-A147-C60B5D20B059}.AzureWebSites|Any CPU.ActiveCfg = Release|Any CPU
		{9FA47AB6-8193-445B-A147-C60B5D20B059}.AzureWebSites|Any CPU.Build.0 = Release|Any CPU
		{9FA47AB6-8193-445B-A147-C60B5D20B059}.AzureWebSites|iOS.ActiveCfg = Debug|Any CPU
		{9FA47AB6-8193-445B-A147-C60B5D20B059}.AzureWebSites|iOS.Build.0 = Debug|Any CPU
		{9FA47AB6-8193-445B-A147-C60B5D20B059}.AzureWebSites|Windows Phone (Universal).ActiveCfg = Debug|Any CPU
		{9FA47AB6-8193-445B-A147-C60B5D20B059}.AzureWebSites|Windows Phone (Universal).Build.0 = Debug|Any CPU
		{9FA47AB6-8193-445B-A147-C60B5D20B059}.AzureWebSites|Windows Phone 8.ActiveCfg = Debug|Any CPU
		{9FA47AB6-8193-445B-A147-C60B5D20B059}.AzureWebSites|Windows Phone 8.Build.0 = Debug|Any CPU
		{9FA47AB6-8193-445B-A147-C60B5D20B059}.AzureWebSites|Windows-AnyCPU.ActiveCfg = Debug|Any CPU
		{9FA47AB6-8193-445B-A147-C60B5D20B059}.AzureWebSites|Windows-AnyCPU.Build.0 = Debug|Any CPU
		{9FA47AB6-8193-445B-A147-C60B5D20B059}.AzureWebSites|Windows-ARM.ActiveCfg = Debug|Any CPU
		{9FA47AB6-8193-445B-A147-C60B5D20B059}.AzureWebSites|Windows-ARM.Build.0 = Debug|Any CPU
		{9FA47AB6-8193-445B-A147-C60B5D20B059}.AzureWebSites|Windows-x64.ActiveCfg = Debug|Any CPU
		{9FA47AB6-8193-445B-A147-C60B5D20B059}.AzureWebSites|Windows-x64.Build.0 = Debug|Any CPU
		{9FA47AB6-8193-445B-A147-C60B5D20B059}.AzureWebSites|Windows-x86.ActiveCfg = Debug|Any CPU
		{9FA47AB6-8193-445B-A147-C60B5D20B059}.AzureWebSites|Windows-x86.Build.0 = Debug|Any CPU
		{9FA47AB6-8193-445B-A147-C60B5D20B059}.Debug|Android.ActiveCfg = Debug|Any CPU
		{9FA47AB6-8193-445B-A147-C60B5D20B059}.Debug|Android.Build.0 = Debug|Any CPU
		{9FA47AB6-8193-445B-A147-C60B5D20B059}.Debug|Any CPU.ActiveCfg = Debug|Any CPU
		{9FA47AB6-8193-445B-A147-C60B5D20B059}.Debug|Any CPU.Build.0 = Debug|Any CPU
		{9FA47AB6-8193-445B-A147-C60B5D20B059}.Debug|iOS.ActiveCfg = Debug|Any CPU
		{9FA47AB6-8193-445B-A147-C60B5D20B059}.Debug|iOS.Build.0 = Debug|Any CPU
		{9FA47AB6-8193-445B-A147-C60B5D20B059}.Debug|Windows Phone (Universal).ActiveCfg = Debug|Any CPU
		{9FA47AB6-8193-445B-A147-C60B5D20B059}.Debug|Windows Phone (Universal).Build.0 = Debug|Any CPU
		{9FA47AB6-8193-445B-A147-C60B5D20B059}.Debug|Windows Phone 8.ActiveCfg = Debug|Any CPU
		{9FA47AB6-8193-445B-A147-C60B5D20B059}.Debug|Windows Phone 8.Build.0 = Debug|Any CPU
		{9FA47AB6-8193-445B-A147-C60B5D20B059}.Debug|Windows-AnyCPU.ActiveCfg = Debug|Any CPU
		{9FA47AB6-8193-445B-A147-C60B5D20B059}.Debug|Windows-AnyCPU.Build.0 = Debug|Any CPU
		{9FA47AB6-8193-445B-A147-C60B5D20B059}.Debug|Windows-ARM.ActiveCfg = Debug|Any CPU
		{9FA47AB6-8193-445B-A147-C60B5D20B059}.Debug|Windows-ARM.Build.0 = Debug|Any CPU
		{9FA47AB6-8193-445B-A147-C60B5D20B059}.Debug|Windows-x64.ActiveCfg = Debug|Any CPU
		{9FA47AB6-8193-445B-A147-C60B5D20B059}.Debug|Windows-x64.Build.0 = Debug|Any CPU
		{9FA47AB6-8193-445B-A147-C60B5D20B059}.Debug|Windows-x86.ActiveCfg = Debug|Any CPU
		{9FA47AB6-8193-445B-A147-C60B5D20B059}.Debug|Windows-x86.Build.0 = Debug|Any CPU
		{9FA47AB6-8193-445B-A147-C60B5D20B059}.Release|Android.ActiveCfg = Release|Any CPU
		{9FA47AB6-8193-445B-A147-C60B5D20B059}.Release|Android.Build.0 = Release|Any CPU
		{9FA47AB6-8193-445B-A147-C60B5D20B059}.Release|Any CPU.ActiveCfg = Release|Any CPU
		{9FA47AB6-8193-445B-A147-C60B5D20B059}.Release|Any CPU.Build.0 = Release|Any CPU
		{9FA47AB6-8193-445B-A147-C60B5D20B059}.Release|iOS.ActiveCfg = Release|Any CPU
		{9FA47AB6-8193-445B-A147-C60B5D20B059}.Release|iOS.Build.0 = Release|Any CPU
		{9FA47AB6-8193-445B-A147-C60B5D20B059}.Release|Windows Phone (Universal).ActiveCfg = Release|Any CPU
		{9FA47AB6-8193-445B-A147-C60B5D20B059}.Release|Windows Phone (Universal).Build.0 = Release|Any CPU
		{9FA47AB6-8193-445B-A147-C60B5D20B059}.Release|Windows Phone 8.ActiveCfg = Release|Any CPU
		{9FA47AB6-8193-445B-A147-C60B5D20B059}.Release|Windows Phone 8.Build.0 = Release|Any CPU
		{9FA47AB6-8193-445B-A147-C60B5D20B059}.Release|Windows-AnyCPU.ActiveCfg = Release|Any CPU
		{9FA47AB6-8193-445B-A147-C60B5D20B059}.Release|Windows-AnyCPU.Build.0 = Release|Any CPU
		{9FA47AB6-8193-445B-A147-C60B5D20B059}.Release|Windows-ARM.ActiveCfg = Release|Any CPU
		{9FA47AB6-8193-445B-A147-C60B5D20B059}.Release|Windows-ARM.Build.0 = Release|Any CPU
		{9FA47AB6-8193-445B-A147-C60B5D20B059}.Release|Windows-x64.ActiveCfg = Release|Any CPU
		{9FA47AB6-8193-445B-A147-C60B5D20B059}.Release|Windows-x64.Build.0 = Release|Any CPU
		{9FA47AB6-8193-445B-A147-C60B5D20B059}.Release|Windows-x86.ActiveCfg = Release|Any CPU
		{9FA47AB6-8193-445B-A147-C60B5D20B059}.Release|Windows-x86.Build.0 = Release|Any CPU
		{98B9AD9F-40AB-4AB8-AC9F-17CAC6A1B57C}.AzureWebSites|Android.ActiveCfg = Debug|Any CPU
		{98B9AD9F-40AB-4AB8-AC9F-17CAC6A1B57C}.AzureWebSites|Android.Build.0 = Debug|Any CPU
		{98B9AD9F-40AB-4AB8-AC9F-17CAC6A1B57C}.AzureWebSites|Any CPU.ActiveCfg = Release|Any CPU
		{98B9AD9F-40AB-4AB8-AC9F-17CAC6A1B57C}.AzureWebSites|Any CPU.Build.0 = Release|Any CPU
		{98B9AD9F-40AB-4AB8-AC9F-17CAC6A1B57C}.AzureWebSites|iOS.ActiveCfg = Debug|Any CPU
		{98B9AD9F-40AB-4AB8-AC9F-17CAC6A1B57C}.AzureWebSites|iOS.Build.0 = Debug|Any CPU
		{98B9AD9F-40AB-4AB8-AC9F-17CAC6A1B57C}.AzureWebSites|Windows Phone (Universal).ActiveCfg = Debug|Any CPU
		{98B9AD9F-40AB-4AB8-AC9F-17CAC6A1B57C}.AzureWebSites|Windows Phone (Universal).Build.0 = Debug|Any CPU
		{98B9AD9F-40AB-4AB8-AC9F-17CAC6A1B57C}.AzureWebSites|Windows Phone 8.ActiveCfg = Debug|Any CPU
		{98B9AD9F-40AB-4AB8-AC9F-17CAC6A1B57C}.AzureWebSites|Windows Phone 8.Build.0 = Debug|Any CPU
		{98B9AD9F-40AB-4AB8-AC9F-17CAC6A1B57C}.AzureWebSites|Windows-AnyCPU.ActiveCfg = Debug|Any CPU
		{98B9AD9F-40AB-4AB8-AC9F-17CAC6A1B57C}.AzureWebSites|Windows-AnyCPU.Build.0 = Debug|Any CPU
		{98B9AD9F-40AB-4AB8-AC9F-17CAC6A1B57C}.AzureWebSites|Windows-ARM.ActiveCfg = Debug|Any CPU
		{98B9AD9F-40AB-4AB8-AC9F-17CAC6A1B57C}.AzureWebSites|Windows-ARM.Build.0 = Debug|Any CPU
		{98B9AD9F-40AB-4AB8-AC9F-17CAC6A1B57C}.AzureWebSites|Windows-x64.ActiveCfg = Debug|Any CPU
		{98B9AD9F-40AB-4AB8-AC9F-17CAC6A1B57C}.AzureWebSites|Windows-x64.Build.0 = Debug|Any CPU
		{98B9AD9F-40AB-4AB8-AC9F-17CAC6A1B57C}.AzureWebSites|Windows-x86.ActiveCfg = Debug|Any CPU
		{98B9AD9F-40AB-4AB8-AC9F-17CAC6A1B57C}.AzureWebSites|Windows-x86.Build.0 = Debug|Any CPU
		{98B9AD9F-40AB-4AB8-AC9F-17CAC6A1B57C}.Debug|Android.ActiveCfg = Debug|Any CPU
		{98B9AD9F-40AB-4AB8-AC9F-17CAC6A1B57C}.Debug|Android.Build.0 = Debug|Any CPU
		{98B9AD9F-40AB-4AB8-AC9F-17CAC6A1B57C}.Debug|Any CPU.ActiveCfg = Debug|Any CPU
		{98B9AD9F-40AB-4AB8-AC9F-17CAC6A1B57C}.Debug|Any CPU.Build.0 = Debug|Any CPU
		{98B9AD9F-40AB-4AB8-AC9F-17CAC6A1B57C}.Debug|iOS.ActiveCfg = Debug|Any CPU
		{98B9AD9F-40AB-4AB8-AC9F-17CAC6A1B57C}.Debug|iOS.Build.0 = Debug|Any CPU
		{98B9AD9F-40AB-4AB8-AC9F-17CAC6A1B57C}.Debug|Windows Phone (Universal).ActiveCfg = Debug|Any CPU
		{98B9AD9F-40AB-4AB8-AC9F-17CAC6A1B57C}.Debug|Windows Phone (Universal).Build.0 = Debug|Any CPU
		{98B9AD9F-40AB-4AB8-AC9F-17CAC6A1B57C}.Debug|Windows Phone 8.ActiveCfg = Debug|Any CPU
		{98B9AD9F-40AB-4AB8-AC9F-17CAC6A1B57C}.Debug|Windows Phone 8.Build.0 = Debug|Any CPU
		{98B9AD9F-40AB-4AB8-AC9F-17CAC6A1B57C}.Debug|Windows-AnyCPU.ActiveCfg = Debug|Any CPU
		{98B9AD9F-40AB-4AB8-AC9F-17CAC6A1B57C}.Debug|Windows-AnyCPU.Build.0 = Debug|Any CPU
		{98B9AD9F-40AB-4AB8-AC9F-17CAC6A1B57C}.Debug|Windows-ARM.ActiveCfg = Debug|Any CPU
		{98B9AD9F-40AB-4AB8-AC9F-17CAC6A1B57C}.Debug|Windows-ARM.Build.0 = Debug|Any CPU
		{98B9AD9F-40AB-4AB8-AC9F-17CAC6A1B57C}.Debug|Windows-x64.ActiveCfg = Debug|Any CPU
		{98B9AD9F-40AB-4AB8-AC9F-17CAC6A1B57C}.Debug|Windows-x64.Build.0 = Debug|Any CPU
		{98B9AD9F-40AB-4AB8-AC9F-17CAC6A1B57C}.Debug|Windows-x86.ActiveCfg = Debug|Any CPU
		{98B9AD9F-40AB-4AB8-AC9F-17CAC6A1B57C}.Debug|Windows-x86.Build.0 = Debug|Any CPU
		{98B9AD9F-40AB-4AB8-AC9F-17CAC6A1B57C}.Release|Android.ActiveCfg = Release|Any CPU
		{98B9AD9F-40AB-4AB8-AC9F-17CAC6A1B57C}.Release|Android.Build.0 = Release|Any CPU
		{98B9AD9F-40AB-4AB8-AC9F-17CAC6A1B57C}.Release|Any CPU.ActiveCfg = Release|Any CPU
		{98B9AD9F-40AB-4AB8-AC9F-17CAC6A1B57C}.Release|Any CPU.Build.0 = Release|Any CPU
		{98B9AD9F-40AB-4AB8-AC9F-17CAC6A1B57C}.Release|iOS.ActiveCfg = Release|Any CPU
		{98B9AD9F-40AB-4AB8-AC9F-17CAC6A1B57C}.Release|iOS.Build.0 = Release|Any CPU
		{98B9AD9F-40AB-4AB8-AC9F-17CAC6A1B57C}.Release|Windows Phone (Universal).ActiveCfg = Release|Any CPU
		{98B9AD9F-40AB-4AB8-AC9F-17CAC6A1B57C}.Release|Windows Phone (Universal).Build.0 = Release|Any CPU
		{98B9AD9F-40AB-4AB8-AC9F-17CAC6A1B57C}.Release|Windows Phone 8.ActiveCfg = Release|Any CPU
		{98B9AD9F-40AB-4AB8-AC9F-17CAC6A1B57C}.Release|Windows Phone 8.Build.0 = Release|Any CPU
		{98B9AD9F-40AB-4AB8-AC9F-17CAC6A1B57C}.Release|Windows-AnyCPU.ActiveCfg = Release|Any CPU
		{98B9AD9F-40AB-4AB8-AC9F-17CAC6A1B57C}.Release|Windows-AnyCPU.Build.0 = Release|Any CPU
		{98B9AD9F-40AB-4AB8-AC9F-17CAC6A1B57C}.Release|Windows-ARM.ActiveCfg = Release|Any CPU
		{98B9AD9F-40AB-4AB8-AC9F-17CAC6A1B57C}.Release|Windows-ARM.Build.0 = Release|Any CPU
		{98B9AD9F-40AB-4AB8-AC9F-17CAC6A1B57C}.Release|Windows-x64.ActiveCfg = Release|Any CPU
		{98B9AD9F-40AB-4AB8-AC9F-17CAC6A1B57C}.Release|Windows-x64.Build.0 = Release|Any CPU
		{98B9AD9F-40AB-4AB8-AC9F-17CAC6A1B57C}.Release|Windows-x86.ActiveCfg = Release|Any CPU
		{98B9AD9F-40AB-4AB8-AC9F-17CAC6A1B57C}.Release|Windows-x86.Build.0 = Release|Any CPU
		{7D3BD351-5677-4620-8D6F-F448C2C90EC5}.AzureWebSites|Android.ActiveCfg = Release|Any CPU
		{7D3BD351-5677-4620-8D6F-F448C2C90EC5}.AzureWebSites|Android.Build.0 = Release|Any CPU
		{7D3BD351-5677-4620-8D6F-F448C2C90EC5}.AzureWebSites|Any CPU.ActiveCfg = Release|Any CPU
		{7D3BD351-5677-4620-8D6F-F448C2C90EC5}.AzureWebSites|Any CPU.Build.0 = Release|Any CPU
		{7D3BD351-5677-4620-8D6F-F448C2C90EC5}.AzureWebSites|iOS.ActiveCfg = Release|Any CPU
		{7D3BD351-5677-4620-8D6F-F448C2C90EC5}.AzureWebSites|iOS.Build.0 = Release|Any CPU
		{7D3BD351-5677-4620-8D6F-F448C2C90EC5}.AzureWebSites|Windows Phone (Universal).ActiveCfg = Release|Any CPU
		{7D3BD351-5677-4620-8D6F-F448C2C90EC5}.AzureWebSites|Windows Phone (Universal).Build.0 = Release|Any CPU
		{7D3BD351-5677-4620-8D6F-F448C2C90EC5}.AzureWebSites|Windows Phone 8.ActiveCfg = Release|Any CPU
		{7D3BD351-5677-4620-8D6F-F448C2C90EC5}.AzureWebSites|Windows Phone 8.Build.0 = Release|Any CPU
		{7D3BD351-5677-4620-8D6F-F448C2C90EC5}.AzureWebSites|Windows-AnyCPU.ActiveCfg = Release|Any CPU
		{7D3BD351-5677-4620-8D6F-F448C2C90EC5}.AzureWebSites|Windows-AnyCPU.Build.0 = Release|Any CPU
		{7D3BD351-5677-4620-8D6F-F448C2C90EC5}.AzureWebSites|Windows-ARM.ActiveCfg = Release|Any CPU
		{7D3BD351-5677-4620-8D6F-F448C2C90EC5}.AzureWebSites|Windows-ARM.Build.0 = Release|Any CPU
		{7D3BD351-5677-4620-8D6F-F448C2C90EC5}.AzureWebSites|Windows-x64.ActiveCfg = Release|Any CPU
		{7D3BD351-5677-4620-8D6F-F448C2C90EC5}.AzureWebSites|Windows-x64.Build.0 = Release|Any CPU
		{7D3BD351-5677-4620-8D6F-F448C2C90EC5}.AzureWebSites|Windows-x86.ActiveCfg = Release|Any CPU
		{7D3BD351-5677-4620-8D6F-F448C2C90EC5}.AzureWebSites|Windows-x86.Build.0 = Release|Any CPU
		{7D3BD351-5677-4620-8D6F-F448C2C90EC5}.Debug|Android.ActiveCfg = Debug|Any CPU
		{7D3BD351-5677-4620-8D6F-F448C2C90EC5}.Debug|Android.Build.0 = Debug|Any CPU
		{7D3BD351-5677-4620-8D6F-F448C2C90EC5}.Debug|Any CPU.ActiveCfg = Debug|Any CPU
		{7D3BD351-5677-4620-8D6F-F448C2C90EC5}.Debug|Any CPU.Build.0 = Debug|Any CPU
		{7D3BD351-5677-4620-8D6F-F448C2C90EC5}.Debug|iOS.ActiveCfg = Debug|Any CPU
		{7D3BD351-5677-4620-8D6F-F448C2C90EC5}.Debug|iOS.Build.0 = Debug|Any CPU
		{7D3BD351-5677-4620-8D6F-F448C2C90EC5}.Debug|Windows Phone (Universal).ActiveCfg = Debug|Any CPU
		{7D3BD351-5677-4620-8D6F-F448C2C90EC5}.Debug|Windows Phone (Universal).Build.0 = Debug|Any CPU
		{7D3BD351-5677-4620-8D6F-F448C2C90EC5}.Debug|Windows Phone 8.ActiveCfg = Debug|Any CPU
		{7D3BD351-5677-4620-8D6F-F448C2C90EC5}.Debug|Windows Phone 8.Build.0 = Debug|Any CPU
		{7D3BD351-5677-4620-8D6F-F448C2C90EC5}.Debug|Windows-AnyCPU.ActiveCfg = Debug|Any CPU
		{7D3BD351-5677-4620-8D6F-F448C2C90EC5}.Debug|Windows-AnyCPU.Build.0 = Debug|Any CPU
		{7D3BD351-5677-4620-8D6F-F448C2C90EC5}.Debug|Windows-ARM.ActiveCfg = Debug|Any CPU
		{7D3BD351-5677-4620-8D6F-F448C2C90EC5}.Debug|Windows-ARM.Build.0 = Debug|Any CPU
		{7D3BD351-5677-4620-8D6F-F448C2C90EC5}.Debug|Windows-x64.ActiveCfg = Debug|Any CPU
		{7D3BD351-5677-4620-8D6F-F448C2C90EC5}.Debug|Windows-x64.Build.0 = Debug|Any CPU
		{7D3BD351-5677-4620-8D6F-F448C2C90EC5}.Debug|Windows-x86.ActiveCfg = Debug|Any CPU
		{7D3BD351-5677-4620-8D6F-F448C2C90EC5}.Debug|Windows-x86.Build.0 = Debug|Any CPU
		{7D3BD351-5677-4620-8D6F-F448C2C90EC5}.Release|Android.ActiveCfg = Release|Any CPU
		{7D3BD351-5677-4620-8D6F-F448C2C90EC5}.Release|Android.Build.0 = Release|Any CPU
		{7D3BD351-5677-4620-8D6F-F448C2C90EC5}.Release|Any CPU.ActiveCfg = Release|Any CPU
		{7D3BD351-5677-4620-8D6F-F448C2C90EC5}.Release|Any CPU.Build.0 = Release|Any CPU
		{7D3BD351-5677-4620-8D6F-F448C2C90EC5}.Release|iOS.ActiveCfg = Release|Any CPU
		{7D3BD351-5677-4620-8D6F-F448C2C90EC5}.Release|iOS.Build.0 = Release|Any CPU
		{7D3BD351-5677-4620-8D6F-F448C2C90EC5}.Release|Windows Phone (Universal).ActiveCfg = Release|Any CPU
		{7D3BD351-5677-4620-8D6F-F448C2C90EC5}.Release|Windows Phone (Universal).Build.0 = Release|Any CPU
		{7D3BD351-5677-4620-8D6F-F448C2C90EC5}.Release|Windows Phone 8.ActiveCfg = Release|Any CPU
		{7D3BD351-5677-4620-8D6F-F448C2C90EC5}.Release|Windows Phone 8.Build.0 = Release|Any CPU
		{7D3BD351-5677-4620-8D6F-F448C2C90EC5}.Release|Windows-AnyCPU.ActiveCfg = Release|Any CPU
		{7D3BD351-5677-4620-8D6F-F448C2C90EC5}.Release|Windows-AnyCPU.Build.0 = Release|Any CPU
		{7D3BD351-5677-4620-8D6F-F448C2C90EC5}.Release|Windows-ARM.ActiveCfg = Release|Any CPU
		{7D3BD351-5677-4620-8D6F-F448C2C90EC5}.Release|Windows-ARM.Build.0 = Release|Any CPU
		{7D3BD351-5677-4620-8D6F-F448C2C90EC5}.Release|Windows-x64.ActiveCfg = Release|Any CPU
		{7D3BD351-5677-4620-8D6F-F448C2C90EC5}.Release|Windows-x64.Build.0 = Release|Any CPU
		{7D3BD351-5677-4620-8D6F-F448C2C90EC5}.Release|Windows-x86.ActiveCfg = Release|Any CPU
		{7D3BD351-5677-4620-8D6F-F448C2C90EC5}.Release|Windows-x86.Build.0 = Release|Any CPU
		{575C8225-4909-46BC-91F5-905813E98979}.AzureWebSites|Android.ActiveCfg = Release|Any CPU
		{575C8225-4909-46BC-91F5-905813E98979}.AzureWebSites|Android.Build.0 = Release|Any CPU
		{575C8225-4909-46BC-91F5-905813E98979}.AzureWebSites|Any CPU.ActiveCfg = Release|Any CPU
		{575C8225-4909-46BC-91F5-905813E98979}.AzureWebSites|Any CPU.Build.0 = Release|Any CPU
		{575C8225-4909-46BC-91F5-905813E98979}.AzureWebSites|iOS.ActiveCfg = Release|Any CPU
		{575C8225-4909-46BC-91F5-905813E98979}.AzureWebSites|iOS.Build.0 = Release|Any CPU
		{575C8225-4909-46BC-91F5-905813E98979}.AzureWebSites|Windows Phone (Universal).ActiveCfg = Release|Any CPU
		{575C8225-4909-46BC-91F5-905813E98979}.AzureWebSites|Windows Phone (Universal).Build.0 = Release|Any CPU
		{575C8225-4909-46BC-91F5-905813E98979}.AzureWebSites|Windows Phone 8.ActiveCfg = Release|Any CPU
		{575C8225-4909-46BC-91F5-905813E98979}.AzureWebSites|Windows Phone 8.Build.0 = Release|Any CPU
		{575C8225-4909-46BC-91F5-905813E98979}.AzureWebSites|Windows-AnyCPU.ActiveCfg = Release|Any CPU
		{575C8225-4909-46BC-91F5-905813E98979}.AzureWebSites|Windows-AnyCPU.Build.0 = Release|Any CPU
		{575C8225-4909-46BC-91F5-905813E98979}.AzureWebSites|Windows-ARM.ActiveCfg = Release|Any CPU
		{575C8225-4909-46BC-91F5-905813E98979}.AzureWebSites|Windows-ARM.Build.0 = Release|Any CPU
		{575C8225-4909-46BC-91F5-905813E98979}.AzureWebSites|Windows-x64.ActiveCfg = Release|Any CPU
		{575C8225-4909-46BC-91F5-905813E98979}.AzureWebSites|Windows-x64.Build.0 = Release|Any CPU
		{575C8225-4909-46BC-91F5-905813E98979}.AzureWebSites|Windows-x86.ActiveCfg = Release|Any CPU
		{575C8225-4909-46BC-91F5-905813E98979}.AzureWebSites|Windows-x86.Build.0 = Release|Any CPU
		{575C8225-4909-46BC-91F5-905813E98979}.Debug|Android.ActiveCfg = Debug|Any CPU
		{575C8225-4909-46BC-91F5-905813E98979}.Debug|Android.Build.0 = Debug|Any CPU
		{575C8225-4909-46BC-91F5-905813E98979}.Debug|Any CPU.ActiveCfg = Debug|Any CPU
		{575C8225-4909-46BC-91F5-905813E98979}.Debug|Any CPU.Build.0 = Debug|Any CPU
		{575C8225-4909-46BC-91F5-905813E98979}.Debug|iOS.ActiveCfg = Debug|Any CPU
		{575C8225-4909-46BC-91F5-905813E98979}.Debug|iOS.Build.0 = Debug|Any CPU
		{575C8225-4909-46BC-91F5-905813E98979}.Debug|Windows Phone (Universal).ActiveCfg = Debug|Any CPU
		{575C8225-4909-46BC-91F5-905813E98979}.Debug|Windows Phone (Universal).Build.0 = Debug|Any CPU
		{575C8225-4909-46BC-91F5-905813E98979}.Debug|Windows Phone 8.ActiveCfg = Debug|Any CPU
		{575C8225-4909-46BC-91F5-905813E98979}.Debug|Windows Phone 8.Build.0 = Debug|Any CPU
		{575C8225-4909-46BC-91F5-905813E98979}.Debug|Windows-AnyCPU.ActiveCfg = Debug|Any CPU
		{575C8225-4909-46BC-91F5-905813E98979}.Debug|Windows-AnyCPU.Build.0 = Debug|Any CPU
		{575C8225-4909-46BC-91F5-905813E98979}.Debug|Windows-ARM.ActiveCfg = Debug|Any CPU
		{575C8225-4909-46BC-91F5-905813E98979}.Debug|Windows-ARM.Build.0 = Debug|Any CPU
		{575C8225-4909-46BC-91F5-905813E98979}.Debug|Windows-x64.ActiveCfg = Debug|Any CPU
		{575C8225-4909-46BC-91F5-905813E98979}.Debug|Windows-x64.Build.0 = Debug|Any CPU
		{575C8225-4909-46BC-91F5-905813E98979}.Debug|Windows-x86.ActiveCfg = Debug|Any CPU
		{575C8225-4909-46BC-91F5-905813E98979}.Debug|Windows-x86.Build.0 = Debug|Any CPU
		{575C8225-4909-46BC-91F5-905813E98979}.Release|Android.ActiveCfg = Release|Any CPU
		{575C8225-4909-46BC-91F5-905813E98979}.Release|Android.Build.0 = Release|Any CPU
		{575C8225-4909-46BC-91F5-905813E98979}.Release|Any CPU.ActiveCfg = Release|Any CPU
		{575C8225-4909-46BC-91F5-905813E98979}.Release|Any CPU.Build.0 = Release|Any CPU
		{575C8225-4909-46BC-91F5-905813E98979}.Release|iOS.ActiveCfg = Release|Any CPU
		{575C8225-4909-46BC-91F5-905813E98979}.Release|iOS.Build.0 = Release|Any CPU
		{575C8225-4909-46BC-91F5-905813E98979}.Release|Windows Phone (Universal).ActiveCfg = Release|Any CPU
		{575C8225-4909-46BC-91F5-905813E98979}.Release|Windows Phone (Universal).Build.0 = Release|Any CPU
		{575C8225-4909-46BC-91F5-905813E98979}.Release|Windows Phone 8.ActiveCfg = Release|Any CPU
		{575C8225-4909-46BC-91F5-905813E98979}.Release|Windows Phone 8.Build.0 = Release|Any CPU
		{575C8225-4909-46BC-91F5-905813E98979}.Release|Windows-AnyCPU.ActiveCfg = Release|Any CPU
		{575C8225-4909-46BC-91F5-905813E98979}.Release|Windows-AnyCPU.Build.0 = Release|Any CPU
		{575C8225-4909-46BC-91F5-905813E98979}.Release|Windows-ARM.ActiveCfg = Release|Any CPU
		{575C8225-4909-46BC-91F5-905813E98979}.Release|Windows-ARM.Build.0 = Release|Any CPU
		{575C8225-4909-46BC-91F5-905813E98979}.Release|Windows-x64.ActiveCfg = Release|Any CPU
		{575C8225-4909-46BC-91F5-905813E98979}.Release|Windows-x64.Build.0 = Release|Any CPU
		{575C8225-4909-46BC-91F5-905813E98979}.Release|Windows-x86.ActiveCfg = Release|Any CPU
		{575C8225-4909-46BC-91F5-905813E98979}.Release|Windows-x86.Build.0 = Release|Any CPU
		{8209F85A-E2C7-41BC-A82A-F0FFA2E002C9}.AzureWebSites|Android.ActiveCfg = Release|Any CPU
		{8209F85A-E2C7-41BC-A82A-F0FFA2E002C9}.AzureWebSites|Android.Build.0 = Release|Any CPU
		{8209F85A-E2C7-41BC-A82A-F0FFA2E002C9}.AzureWebSites|Any CPU.ActiveCfg = Release|Any CPU
		{8209F85A-E2C7-41BC-A82A-F0FFA2E002C9}.AzureWebSites|Any CPU.Build.0 = Release|Any CPU
		{8209F85A-E2C7-41BC-A82A-F0FFA2E002C9}.AzureWebSites|iOS.ActiveCfg = Release|Any CPU
		{8209F85A-E2C7-41BC-A82A-F0FFA2E002C9}.AzureWebSites|iOS.Build.0 = Release|Any CPU
		{8209F85A-E2C7-41BC-A82A-F0FFA2E002C9}.AzureWebSites|Windows Phone (Universal).ActiveCfg = Release|Any CPU
		{8209F85A-E2C7-41BC-A82A-F0FFA2E002C9}.AzureWebSites|Windows Phone (Universal).Build.0 = Release|Any CPU
		{8209F85A-E2C7-41BC-A82A-F0FFA2E002C9}.AzureWebSites|Windows Phone 8.ActiveCfg = Release|Any CPU
		{8209F85A-E2C7-41BC-A82A-F0FFA2E002C9}.AzureWebSites|Windows Phone 8.Build.0 = Release|Any CPU
		{8209F85A-E2C7-41BC-A82A-F0FFA2E002C9}.AzureWebSites|Windows-AnyCPU.ActiveCfg = Release|Any CPU
		{8209F85A-E2C7-41BC-A82A-F0FFA2E002C9}.AzureWebSites|Windows-AnyCPU.Build.0 = Release|Any CPU
		{8209F85A-E2C7-41BC-A82A-F0FFA2E002C9}.AzureWebSites|Windows-ARM.ActiveCfg = Release|Any CPU
		{8209F85A-E2C7-41BC-A82A-F0FFA2E002C9}.AzureWebSites|Windows-ARM.Build.0 = Release|Any CPU
		{8209F85A-E2C7-41BC-A82A-F0FFA2E002C9}.AzureWebSites|Windows-x64.ActiveCfg = Release|Any CPU
		{8209F85A-E2C7-41BC-A82A-F0FFA2E002C9}.AzureWebSites|Windows-x64.Build.0 = Release|Any CPU
		{8209F85A-E2C7-41BC-A82A-F0FFA2E002C9}.AzureWebSites|Windows-x86.ActiveCfg = Release|Any CPU
		{8209F85A-E2C7-41BC-A82A-F0FFA2E002C9}.AzureWebSites|Windows-x86.Build.0 = Release|Any CPU
		{8209F85A-E2C7-41BC-A82A-F0FFA2E002C9}.Debug|Android.ActiveCfg = Debug|Any CPU
		{8209F85A-E2C7-41BC-A82A-F0FFA2E002C9}.Debug|Android.Build.0 = Debug|Any CPU
		{8209F85A-E2C7-41BC-A82A-F0FFA2E002C9}.Debug|Any CPU.ActiveCfg = Debug|Any CPU
		{8209F85A-E2C7-41BC-A82A-F0FFA2E002C9}.Debug|Any CPU.Build.0 = Debug|Any CPU
		{8209F85A-E2C7-41BC-A82A-F0FFA2E002C9}.Debug|iOS.ActiveCfg = Debug|Any CPU
		{8209F85A-E2C7-41BC-A82A-F0FFA2E002C9}.Debug|iOS.Build.0 = Debug|Any CPU
		{8209F85A-E2C7-41BC-A82A-F0FFA2E002C9}.Debug|Windows Phone (Universal).ActiveCfg = Debug|Any CPU
		{8209F85A-E2C7-41BC-A82A-F0FFA2E002C9}.Debug|Windows Phone (Universal).Build.0 = Debug|Any CPU
		{8209F85A-E2C7-41BC-A82A-F0FFA2E002C9}.Debug|Windows Phone 8.ActiveCfg = Debug|Any CPU
		{8209F85A-E2C7-41BC-A82A-F0FFA2E002C9}.Debug|Windows Phone 8.Build.0 = Debug|Any CPU
		{8209F85A-E2C7-41BC-A82A-F0FFA2E002C9}.Debug|Windows-AnyCPU.ActiveCfg = Debug|Any CPU
		{8209F85A-E2C7-41BC-A82A-F0FFA2E002C9}.Debug|Windows-AnyCPU.Build.0 = Debug|Any CPU
		{8209F85A-E2C7-41BC-A82A-F0FFA2E002C9}.Debug|Windows-ARM.ActiveCfg = Debug|Any CPU
		{8209F85A-E2C7-41BC-A82A-F0FFA2E002C9}.Debug|Windows-ARM.Build.0 = Debug|Any CPU
		{8209F85A-E2C7-41BC-A82A-F0FFA2E002C9}.Debug|Windows-x64.ActiveCfg = Debug|Any CPU
		{8209F85A-E2C7-41BC-A82A-F0FFA2E002C9}.Debug|Windows-x64.Build.0 = Debug|Any CPU
		{8209F85A-E2C7-41BC-A82A-F0FFA2E002C9}.Debug|Windows-x86.ActiveCfg = Debug|Any CPU
		{8209F85A-E2C7-41BC-A82A-F0FFA2E002C9}.Debug|Windows-x86.Build.0 = Debug|Any CPU
		{8209F85A-E2C7-41BC-A82A-F0FFA2E002C9}.Release|Android.ActiveCfg = Release|Any CPU
		{8209F85A-E2C7-41BC-A82A-F0FFA2E002C9}.Release|Android.Build.0 = Release|Any CPU
		{8209F85A-E2C7-41BC-A82A-F0FFA2E002C9}.Release|Any CPU.ActiveCfg = Release|Any CPU
		{8209F85A-E2C7-41BC-A82A-F0FFA2E002C9}.Release|Any CPU.Build.0 = Release|Any CPU
		{8209F85A-E2C7-41BC-A82A-F0FFA2E002C9}.Release|iOS.ActiveCfg = Release|Any CPU
		{8209F85A-E2C7-41BC-A82A-F0FFA2E002C9}.Release|iOS.Build.0 = Release|Any CPU
		{8209F85A-E2C7-41BC-A82A-F0FFA2E002C9}.Release|Windows Phone (Universal).ActiveCfg = Release|Any CPU
		{8209F85A-E2C7-41BC-A82A-F0FFA2E002C9}.Release|Windows Phone (Universal).Build.0 = Release|Any CPU
		{8209F85A-E2C7-41BC-A82A-F0FFA2E002C9}.Release|Windows Phone 8.ActiveCfg = Release|Any CPU
		{8209F85A-E2C7-41BC-A82A-F0FFA2E002C9}.Release|Windows Phone 8.Build.0 = Release|Any CPU
		{8209F85A-E2C7-41BC-A82A-F0FFA2E002C9}.Release|Windows-AnyCPU.ActiveCfg = Release|Any CPU
		{8209F85A-E2C7-41BC-A82A-F0FFA2E002C9}.Release|Windows-AnyCPU.Build.0 = Release|Any CPU
		{8209F85A-E2C7-41BC-A82A-F0FFA2E002C9}.Release|Windows-ARM.ActiveCfg = Release|Any CPU
		{8209F85A-E2C7-41BC-A82A-F0FFA2E002C9}.Release|Windows-ARM.Build.0 = Release|Any CPU
		{8209F85A-E2C7-41BC-A82A-F0FFA2E002C9}.Release|Windows-x64.ActiveCfg = Release|Any CPU
		{8209F85A-E2C7-41BC-A82A-F0FFA2E002C9}.Release|Windows-x64.Build.0 = Release|Any CPU
		{8209F85A-E2C7-41BC-A82A-F0FFA2E002C9}.Release|Windows-x86.ActiveCfg = Release|Any CPU
		{8209F85A-E2C7-41BC-A82A-F0FFA2E002C9}.Release|Windows-x86.Build.0 = Release|Any CPU
		{811D892F-8FC2-44F6-81CB-93AEB5C4696E}.AzureWebSites|Android.ActiveCfg = Release|Any CPU
		{811D892F-8FC2-44F6-81CB-93AEB5C4696E}.AzureWebSites|Android.Build.0 = Release|Any CPU
		{811D892F-8FC2-44F6-81CB-93AEB5C4696E}.AzureWebSites|Any CPU.ActiveCfg = Release|Any CPU
		{811D892F-8FC2-44F6-81CB-93AEB5C4696E}.AzureWebSites|Any CPU.Build.0 = Release|Any CPU
		{811D892F-8FC2-44F6-81CB-93AEB5C4696E}.AzureWebSites|iOS.ActiveCfg = Release|Any CPU
		{811D892F-8FC2-44F6-81CB-93AEB5C4696E}.AzureWebSites|iOS.Build.0 = Release|Any CPU
		{811D892F-8FC2-44F6-81CB-93AEB5C4696E}.AzureWebSites|Windows Phone (Universal).ActiveCfg = Release|Any CPU
		{811D892F-8FC2-44F6-81CB-93AEB5C4696E}.AzureWebSites|Windows Phone (Universal).Build.0 = Release|Any CPU
		{811D892F-8FC2-44F6-81CB-93AEB5C4696E}.AzureWebSites|Windows Phone 8.ActiveCfg = Release|Any CPU
		{811D892F-8FC2-44F6-81CB-93AEB5C4696E}.AzureWebSites|Windows Phone 8.Build.0 = Release|Any CPU
		{811D892F-8FC2-44F6-81CB-93AEB5C4696E}.AzureWebSites|Windows-AnyCPU.ActiveCfg = Release|Any CPU
		{811D892F-8FC2-44F6-81CB-93AEB5C4696E}.AzureWebSites|Windows-AnyCPU.Build.0 = Release|Any CPU
		{811D892F-8FC2-44F6-81CB-93AEB5C4696E}.AzureWebSites|Windows-ARM.ActiveCfg = Release|Any CPU
		{811D892F-8FC2-44F6-81CB-93AEB5C4696E}.AzureWebSites|Windows-ARM.Build.0 = Release|Any CPU
		{811D892F-8FC2-44F6-81CB-93AEB5C4696E}.AzureWebSites|Windows-x64.ActiveCfg = Release|Any CPU
		{811D892F-8FC2-44F6-81CB-93AEB5C4696E}.AzureWebSites|Windows-x64.Build.0 = Release|Any CPU
		{811D892F-8FC2-44F6-81CB-93AEB5C4696E}.AzureWebSites|Windows-x86.ActiveCfg = Release|Any CPU
		{811D892F-8FC2-44F6-81CB-93AEB5C4696E}.AzureWebSites|Windows-x86.Build.0 = Release|Any CPU
		{811D892F-8FC2-44F6-81CB-93AEB5C4696E}.Debug|Android.ActiveCfg = Debug|Any CPU
		{811D892F-8FC2-44F6-81CB-93AEB5C4696E}.Debug|Android.Build.0 = Debug|Any CPU
		{811D892F-8FC2-44F6-81CB-93AEB5C4696E}.Debug|Any CPU.ActiveCfg = Debug|Any CPU
		{811D892F-8FC2-44F6-81CB-93AEB5C4696E}.Debug|Any CPU.Build.0 = Debug|Any CPU
		{811D892F-8FC2-44F6-81CB-93AEB5C4696E}.Debug|iOS.ActiveCfg = Debug|Any CPU
		{811D892F-8FC2-44F6-81CB-93AEB5C4696E}.Debug|iOS.Build.0 = Debug|Any CPU
		{811D892F-8FC2-44F6-81CB-93AEB5C4696E}.Debug|Windows Phone (Universal).ActiveCfg = Debug|Any CPU
		{811D892F-8FC2-44F6-81CB-93AEB5C4696E}.Debug|Windows Phone (Universal).Build.0 = Debug|Any CPU
		{811D892F-8FC2-44F6-81CB-93AEB5C4696E}.Debug|Windows Phone 8.ActiveCfg = Debug|Any CPU
		{811D892F-8FC2-44F6-81CB-93AEB5C4696E}.Debug|Windows Phone 8.Build.0 = Debug|Any CPU
		{811D892F-8FC2-44F6-81CB-93AEB5C4696E}.Debug|Windows-AnyCPU.ActiveCfg = Debug|Any CPU
		{811D892F-8FC2-44F6-81CB-93AEB5C4696E}.Debug|Windows-AnyCPU.Build.0 = Debug|Any CPU
		{811D892F-8FC2-44F6-81CB-93AEB5C4696E}.Debug|Windows-ARM.ActiveCfg = Debug|Any CPU
		{811D892F-8FC2-44F6-81CB-93AEB5C4696E}.Debug|Windows-ARM.Build.0 = Debug|Any CPU
		{811D892F-8FC2-44F6-81CB-93AEB5C4696E}.Debug|Windows-x64.ActiveCfg = Debug|Any CPU
		{811D892F-8FC2-44F6-81CB-93AEB5C4696E}.Debug|Windows-x64.Build.0 = Debug|Any CPU
		{811D892F-8FC2-44F6-81CB-93AEB5C4696E}.Debug|Windows-x86.ActiveCfg = Debug|Any CPU
		{811D892F-8FC2-44F6-81CB-93AEB5C4696E}.Debug|Windows-x86.Build.0 = Debug|Any CPU
		{811D892F-8FC2-44F6-81CB-93AEB5C4696E}.Release|Android.ActiveCfg = Release|Any CPU
		{811D892F-8FC2-44F6-81CB-93AEB5C4696E}.Release|Android.Build.0 = Release|Any CPU
		{811D892F-8FC2-44F6-81CB-93AEB5C4696E}.Release|Any CPU.ActiveCfg = Release|Any CPU
		{811D892F-8FC2-44F6-81CB-93AEB5C4696E}.Release|Any CPU.Build.0 = Release|Any CPU
		{811D892F-8FC2-44F6-81CB-93AEB5C4696E}.Release|iOS.ActiveCfg = Release|Any CPU
		{811D892F-8FC2-44F6-81CB-93AEB5C4696E}.Release|iOS.Build.0 = Release|Any CPU
		{811D892F-8FC2-44F6-81CB-93AEB5C4696E}.Release|Windows Phone (Universal).ActiveCfg = Release|Any CPU
		{811D892F-8FC2-44F6-81CB-93AEB5C4696E}.Release|Windows Phone (Universal).Build.0 = Release|Any CPU
		{811D892F-8FC2-44F6-81CB-93AEB5C4696E}.Release|Windows Phone 8.ActiveCfg = Release|Any CPU
		{811D892F-8FC2-44F6-81CB-93AEB5C4696E}.Release|Windows Phone 8.Build.0 = Release|Any CPU
		{811D892F-8FC2-44F6-81CB-93AEB5C4696E}.Release|Windows-AnyCPU.ActiveCfg = Release|Any CPU
		{811D892F-8FC2-44F6-81CB-93AEB5C4696E}.Release|Windows-AnyCPU.Build.0 = Release|Any CPU
		{811D892F-8FC2-44F6-81CB-93AEB5C4696E}.Release|Windows-ARM.ActiveCfg = Release|Any CPU
		{811D892F-8FC2-44F6-81CB-93AEB5C4696E}.Release|Windows-ARM.Build.0 = Release|Any CPU
		{811D892F-8FC2-44F6-81CB-93AEB5C4696E}.Release|Windows-x64.ActiveCfg = Release|Any CPU
		{811D892F-8FC2-44F6-81CB-93AEB5C4696E}.Release|Windows-x64.Build.0 = Release|Any CPU
		{811D892F-8FC2-44F6-81CB-93AEB5C4696E}.Release|Windows-x86.ActiveCfg = Release|Any CPU
		{811D892F-8FC2-44F6-81CB-93AEB5C4696E}.Release|Windows-x86.Build.0 = Release|Any CPU
	EndGlobalSection
	GlobalSection(SolutionProperties) = preSolution
		HideSolutionNode = FALSE
	EndGlobalSection
	GlobalSection(NestedProjects) = preSolution
		{9A01BADF-2846-48E6-A1AE-14926F3F6022} = {D7CB0C1E-3AC8-44D8-87C3-F10333D29C0A}
		{9FA47AB6-8193-445B-A147-C60B5D20B059} = {422DA515-ACB2-4D87-971F-55B9B96C9F2D}
		{98B9AD9F-40AB-4AB8-AC9F-17CAC6A1B57C} = {13D26575-574D-4CC5-8B1B-9B2CF6B38763}
		{7D3BD351-5677-4620-8D6F-F448C2C90EC5} = {13D26575-574D-4CC5-8B1B-9B2CF6B38763}
		{575C8225-4909-46BC-91F5-905813E98979} = {F7A534E9-6C09-4C99-98CB-D84337C91B4D}
		{8209F85A-E2C7-41BC-A82A-F0FFA2E002C9} = {293587F1-3F81-403F-B450-164782431B5C}
		{811D892F-8FC2-44F6-81CB-93AEB5C4696E} = {13D26575-574D-4CC5-8B1B-9B2CF6B38763}
	EndGlobalSection
EndGlobal
