
Microsoft Visual Studio Solution File, Format Version 12.00
# Visual Studio 15
VisualStudioVersion = 15.0.26430.6
MinimumVisualStudioVersion = 10.0.40219.1
Project("{FAE04EC0-301F-11D3-BF4B-00C04F79EFBC}") = "Sj.Mg.Idsrv1", "Sj.Mg.Idsrv1\Sj.Mg.Idsrv1.csproj", "{B01B841E-1E0C-4BFE-A3E8-1857B286009B}"
EndProject
Project("{FAE04EC0-301F-11D3-BF4B-00C04F79EFBC}") = "Core", "Core\Core.csproj", "{FB9E026E-BAB3-498A-A954-B93B05C146A5}"
EndProject
Project("{2150E333-8FDC-42A3-9474-1A3956D46DE8}") = "Data", "Data", "{79356D90-29DA-4672-98A5-5E824D22C6E2}"
EndProject
Project("{2150E333-8FDC-42A3-9474-1A3956D46DE8}") = "Client", "Client", "{590378A3-69D8-4C3C-9E12-8024869E6B4D}"
EndProject
Project("{FAE04EC0-301F-11D3-BF4B-00C04F79EFBC}") = "Sj.Mg.Client", "Client\Sj.Mg.Client\Sj.Mg.Client.csproj", "{4A88F632-0340-48B2-B29B-11859C0A3D82}"
EndProject
Project("{2150E333-8FDC-42A3-9474-1A3956D46DE8}") = "Fhir", "Fhir", "{475FFC7E-9841-4B4A-ABF9-694D41F34AF6}"
EndProject
Project("{2150E333-8FDC-42A3-9474-1A3956D46DE8}") = "Server", "Server", "{81C8B80A-880F-473C-82FA-B08557C7D0A6}"
EndProject
Project("{FAE04EC0-301F-11D3-BF4B-00C04F79EFBC}") = "Spark", "Fhir\Server\Spark\Spark.csproj", "{D12C6E96-4893-408E-9F53-A142DC82E993}"
EndProject
Project("{FAE04EC0-301F-11D3-BF4B-00C04F79EFBC}") = "Spark.Engine", "Fhir\Server\Spark.Engine\Spark.Engine.csproj", "{426991A6-546C-43D5-B055-A38D0175824F}"
EndProject
Project("{FAE04EC0-301F-11D3-BF4B-00C04F79EFBC}") = "Spark.Mongo", "Fhir\Server\Spark.Mongo\Spark.Mongo.csproj", "{5F0EAEA9-5226-46FF-A915-4DE9B3BA6ADD}"
EndProject
Project("{FAE04EC0-301F-11D3-BF4B-00C04F79EFBC}") = "Spark.Store.Sql", "Fhir\Server\Spark.Store.Sql\Spark.Store.Sql.csproj", "{332370A8-06EC-49A6-AF91-D291B7D0274C}"
EndProject
Project("{2150E333-8FDC-42A3-9474-1A3956D46DE8}") = "Client", "Client", "{138BBE56-71C5-4CCF-88B2-57BBC8EAC436}"
EndProject
Project("{FAE04EC0-301F-11D3-BF4B-00C04F79EFBC}") = "Hl7.Fhir.Core.Net45", "Fhir\Client\Hl7.Fhir.Core\Hl7.Fhir.Core.Net45.csproj", "{92CC9186-0A21-4E06-B11F-907584FBFD81}"
EndProject
Project("{FAE04EC0-301F-11D3-BF4B-00C04F79EFBC}") = "Hl7.Fhir.Specification.Net45", "Fhir\Client\Hl7.Fhir.Specification\Hl7.Fhir.Specification.Net45.csproj", "{34A3B072-5ABC-4F7C-B7E8-0AB67C58CC61}"
EndProject
Project("{2150E333-8FDC-42A3-9474-1A3956D46DE8}") = "Test", "Test", "{260DF881-B858-4FC9-9FBD-A7B836F4E3E2}"
EndProject
Project("{FAE04EC0-301F-11D3-BF4B-00C04F79EFBC}") = "Fhir.Client", "Test\Fhir.Client\Fhir.Client.csproj", "{4E9C2A0E-1350-4EBE-96CD-E4651B8E288A}"
EndProject
Project("{2150E333-8FDC-42A3-9474-1A3956D46DE8}") = "Resource", "Resource", "{F49F2522-5830-4CA3-8575-D93A3BBFA1A4}"
EndProject
Project("{FAE04EC0-301F-11D3-BF4B-00C04F79EFBC}") = "Sj.Mg.Resource.Server", "Resource\Sj.Mg.Resource.Server\Sj.Mg.Resource.Server.csproj", "{B7EAEAF3-FC21-4788-B608-78E6A7778561}"
EndProject
Project("{2150E333-8FDC-42A3-9474-1A3956D46DE8}") = "Libs", "Libs", "{3104EA4F-086B-4E64-942B-8CE834C1AC52}"
EndProject
Project("{FAE04EC0-301F-11D3-BF4B-00C04F79EFBC}") = "Sj.Mg.CliLib", "Libs\Sj.Mg.CliLib\Sj.Mg.CliLib.csproj", "{EB2046AA-3456-453A-BD0D-811F6497B867}"
EndProject
Project("{FAE04EC0-301F-11D3-BF4B-00C04F79EFBC}") = "Sj.Mg.Mongo", "Data\Sj.Mg.Mongo\Sj.Mg.Mongo.csproj", "{69A5F51D-FEFE-4216-B8ED-8F656FBB8375}"
EndProject
Project("{FAE04EC0-301F-11D3-BF4B-00C04F79EFBC}") = "Test.Mongo", "Test.Mongo\Test.Mongo.csproj", "{AD5B31EF-5A0B-411C-845C-6BC252ADFC31}"
EndProject
Project("{FAE04EC0-301F-11D3-BF4B-00C04F79EFBC}") = "Sj.Ah.Resource.Server", "Resource\Sj.Ah.Resource.Server\Sj.Ah.Resource.Server.csproj", "{5D1EB5B4-E788-45D4-B3F2-E3DB52AE47DA}"
EndProject
Global
	GlobalSection(SolutionConfigurationPlatforms) = preSolution
		AzureWebSites|Any CPU = AzureWebSites|Any CPU
		Debug|Any CPU = Debug|Any CPU
		Release|Any CPU = Release|Any CPU
	EndGlobalSection
	GlobalSection(ProjectConfigurationPlatforms) = postSolution
		{B01B841E-1E0C-4BFE-A3E8-1857B286009B}.AzureWebSites|Any CPU.ActiveCfg = Release|Any CPU
		{B01B841E-1E0C-4BFE-A3E8-1857B286009B}.AzureWebSites|Any CPU.Build.0 = Release|Any CPU
		{B01B841E-1E0C-4BFE-A3E8-1857B286009B}.Debug|Any CPU.ActiveCfg = Debug|Any CPU
		{B01B841E-1E0C-4BFE-A3E8-1857B286009B}.Debug|Any CPU.Build.0 = Debug|Any CPU
		{B01B841E-1E0C-4BFE-A3E8-1857B286009B}.Release|Any CPU.ActiveCfg = Release|Any CPU
		{B01B841E-1E0C-4BFE-A3E8-1857B286009B}.Release|Any CPU.Build.0 = Release|Any CPU
		{FB9E026E-BAB3-498A-A954-B93B05C146A5}.AzureWebSites|Any CPU.ActiveCfg = AzureWebSites|Any CPU
		{FB9E026E-BAB3-498A-A954-B93B05C146A5}.AzureWebSites|Any CPU.Build.0 = AzureWebSites|Any CPU
		{FB9E026E-BAB3-498A-A954-B93B05C146A5}.Debug|Any CPU.ActiveCfg = Debug|Any CPU
		{FB9E026E-BAB3-498A-A954-B93B05C146A5}.Debug|Any CPU.Build.0 = Debug|Any CPU
		{FB9E026E-BAB3-498A-A954-B93B05C146A5}.Release|Any CPU.ActiveCfg = Release|Any CPU
		{FB9E026E-BAB3-498A-A954-B93B05C146A5}.Release|Any CPU.Build.0 = Release|Any CPU
		{4A88F632-0340-48B2-B29B-11859C0A3D82}.AzureWebSites|Any CPU.ActiveCfg = Release|Any CPU
		{4A88F632-0340-48B2-B29B-11859C0A3D82}.AzureWebSites|Any CPU.Build.0 = Release|Any CPU
		{4A88F632-0340-48B2-B29B-11859C0A3D82}.Debug|Any CPU.ActiveCfg = Debug|Any CPU
		{4A88F632-0340-48B2-B29B-11859C0A3D82}.Debug|Any CPU.Build.0 = Debug|Any CPU
		{4A88F632-0340-48B2-B29B-11859C0A3D82}.Release|Any CPU.ActiveCfg = Release|Any CPU
		{4A88F632-0340-48B2-B29B-11859C0A3D82}.Release|Any CPU.Build.0 = Release|Any CPU
		{D12C6E96-4893-408E-9F53-A142DC82E993}.AzureWebSites|Any CPU.ActiveCfg = Release|Any CPU
		{D12C6E96-4893-408E-9F53-A142DC82E993}.AzureWebSites|Any CPU.Build.0 = Release|Any CPU
		{D12C6E96-4893-408E-9F53-A142DC82E993}.Debug|Any CPU.ActiveCfg = Debug|Any CPU
		{D12C6E96-4893-408E-9F53-A142DC82E993}.Debug|Any CPU.Build.0 = Debug|Any CPU
		{D12C6E96-4893-408E-9F53-A142DC82E993}.Release|Any CPU.ActiveCfg = Release|Any CPU
		{D12C6E96-4893-408E-9F53-A142DC82E993}.Release|Any CPU.Build.0 = Release|Any CPU
		{426991A6-546C-43D5-B055-A38D0175824F}.AzureWebSites|Any CPU.ActiveCfg = Release|Any CPU
		{426991A6-546C-43D5-B055-A38D0175824F}.AzureWebSites|Any CPU.Build.0 = Release|Any CPU
		{426991A6-546C-43D5-B055-A38D0175824F}.Debug|Any CPU.ActiveCfg = Debug|Any CPU
		{426991A6-546C-43D5-B055-A38D0175824F}.Debug|Any CPU.Build.0 = Debug|Any CPU
		{426991A6-546C-43D5-B055-A38D0175824F}.Release|Any CPU.ActiveCfg = Release|Any CPU
		{426991A6-546C-43D5-B055-A38D0175824F}.Release|Any CPU.Build.0 = Release|Any CPU
		{5F0EAEA9-5226-46FF-A915-4DE9B3BA6ADD}.AzureWebSites|Any CPU.ActiveCfg = Release|Any CPU
		{5F0EAEA9-5226-46FF-A915-4DE9B3BA6ADD}.AzureWebSites|Any CPU.Build.0 = Release|Any CPU
		{5F0EAEA9-5226-46FF-A915-4DE9B3BA6ADD}.Debug|Any CPU.ActiveCfg = Debug|Any CPU
		{5F0EAEA9-5226-46FF-A915-4DE9B3BA6ADD}.Debug|Any CPU.Build.0 = Debug|Any CPU
		{5F0EAEA9-5226-46FF-A915-4DE9B3BA6ADD}.Release|Any CPU.ActiveCfg = Release|Any CPU
		{5F0EAEA9-5226-46FF-A915-4DE9B3BA6ADD}.Release|Any CPU.Build.0 = Release|Any CPU
		{332370A8-06EC-49A6-AF91-D291B7D0274C}.AzureWebSites|Any CPU.ActiveCfg = Release|Any CPU
		{332370A8-06EC-49A6-AF91-D291B7D0274C}.AzureWebSites|Any CPU.Build.0 = Release|Any CPU
		{332370A8-06EC-49A6-AF91-D291B7D0274C}.Debug|Any CPU.ActiveCfg = Debug|Any CPU
		{332370A8-06EC-49A6-AF91-D291B7D0274C}.Debug|Any CPU.Build.0 = Debug|Any CPU
		{332370A8-06EC-49A6-AF91-D291B7D0274C}.Release|Any CPU.ActiveCfg = Release|Any CPU
		{332370A8-06EC-49A6-AF91-D291B7D0274C}.Release|Any CPU.Build.0 = Release|Any CPU
		{92CC9186-0A21-4E06-B11F-907584FBFD81}.AzureWebSites|Any CPU.ActiveCfg = Release|Any CPU
		{92CC9186-0A21-4E06-B11F-907584FBFD81}.AzureWebSites|Any CPU.Build.0 = Release|Any CPU
		{92CC9186-0A21-4E06-B11F-907584FBFD81}.Debug|Any CPU.ActiveCfg = Debug|Any CPU
		{92CC9186-0A21-4E06-B11F-907584FBFD81}.Debug|Any CPU.Build.0 = Debug|Any CPU
		{92CC9186-0A21-4E06-B11F-907584FBFD81}.Release|Any CPU.ActiveCfg = Release|Any CPU
		{92CC9186-0A21-4E06-B11F-907584FBFD81}.Release|Any CPU.Build.0 = Release|Any CPU
		{34A3B072-5ABC-4F7C-B7E8-0AB67C58CC61}.AzureWebSites|Any CPU.ActiveCfg = Release|Any CPU
		{34A3B072-5ABC-4F7C-B7E8-0AB67C58CC61}.AzureWebSites|Any CPU.Build.0 = Release|Any CPU
		{34A3B072-5ABC-4F7C-B7E8-0AB67C58CC61}.Debug|Any CPU.ActiveCfg = Debug|Any CPU
		{34A3B072-5ABC-4F7C-B7E8-0AB67C58CC61}.Debug|Any CPU.Build.0 = Debug|Any CPU
		{34A3B072-5ABC-4F7C-B7E8-0AB67C58CC61}.Release|Any CPU.ActiveCfg = Release|Any CPU
		{34A3B072-5ABC-4F7C-B7E8-0AB67C58CC61}.Release|Any CPU.Build.0 = Release|Any CPU
		{4E9C2A0E-1350-4EBE-96CD-E4651B8E288A}.AzureWebSites|Any CPU.ActiveCfg = Release|Any CPU
		{4E9C2A0E-1350-4EBE-96CD-E4651B8E288A}.AzureWebSites|Any CPU.Build.0 = Release|Any CPU
		{4E9C2A0E-1350-4EBE-96CD-E4651B8E288A}.Debug|Any CPU.ActiveCfg = Debug|Any CPU
		{4E9C2A0E-1350-4EBE-96CD-E4651B8E288A}.Debug|Any CPU.Build.0 = Debug|Any CPU
		{4E9C2A0E-1350-4EBE-96CD-E4651B8E288A}.Release|Any CPU.ActiveCfg = Release|Any CPU
		{4E9C2A0E-1350-4EBE-96CD-E4651B8E288A}.Release|Any CPU.Build.0 = Release|Any CPU
		{B7EAEAF3-FC21-4788-B608-78E6A7778561}.AzureWebSites|Any CPU.ActiveCfg = Release|Any CPU
		{B7EAEAF3-FC21-4788-B608-78E6A7778561}.AzureWebSites|Any CPU.Build.0 = Release|Any CPU
		{B7EAEAF3-FC21-4788-B608-78E6A7778561}.Debug|Any CPU.ActiveCfg = Debug|Any CPU
		{B7EAEAF3-FC21-4788-B608-78E6A7778561}.Debug|Any CPU.Build.0 = Debug|Any CPU
		{B7EAEAF3-FC21-4788-B608-78E6A7778561}.Release|Any CPU.ActiveCfg = Release|Any CPU
		{B7EAEAF3-FC21-4788-B608-78E6A7778561}.Release|Any CPU.Build.0 = Release|Any CPU
		{EB2046AA-3456-453A-BD0D-811F6497B867}.AzureWebSites|Any CPU.ActiveCfg = Release|Any CPU
		{EB2046AA-3456-453A-BD0D-811F6497B867}.AzureWebSites|Any CPU.Build.0 = Release|Any CPU
		{EB2046AA-3456-453A-BD0D-811F6497B867}.Debug|Any CPU.ActiveCfg = Debug|Any CPU
		{EB2046AA-3456-453A-BD0D-811F6497B867}.Debug|Any CPU.Build.0 = Debug|Any CPU
		{EB2046AA-3456-453A-BD0D-811F6497B867}.Release|Any CPU.ActiveCfg = Release|Any CPU
		{EB2046AA-3456-453A-BD0D-811F6497B867}.Release|Any CPU.Build.0 = Release|Any CPU
		{69A5F51D-FEFE-4216-B8ED-8F656FBB8375}.AzureWebSites|Any CPU.ActiveCfg = Release|Any CPU
		{69A5F51D-FEFE-4216-B8ED-8F656FBB8375}.AzureWebSites|Any CPU.Build.0 = Release|Any CPU
		{69A5F51D-FEFE-4216-B8ED-8F656FBB8375}.Debug|Any CPU.ActiveCfg = Debug|Any CPU
		{69A5F51D-FEFE-4216-B8ED-8F656FBB8375}.Debug|Any CPU.Build.0 = Debug|Any CPU
		{69A5F51D-FEFE-4216-B8ED-8F656FBB8375}.Release|Any CPU.ActiveCfg = Release|Any CPU
		{69A5F51D-FEFE-4216-B8ED-8F656FBB8375}.Release|Any CPU.Build.0 = Release|Any CPU
		{AD5B31EF-5A0B-411C-845C-6BC252ADFC31}.AzureWebSites|Any CPU.ActiveCfg = Release|Any CPU
		{AD5B31EF-5A0B-411C-845C-6BC252ADFC31}.AzureWebSites|Any CPU.Build.0 = Release|Any CPU
		{AD5B31EF-5A0B-411C-845C-6BC252ADFC31}.Debug|Any CPU.ActiveCfg = Debug|Any CPU
		{AD5B31EF-5A0B-411C-845C-6BC252ADFC31}.Debug|Any CPU.Build.0 = Debug|Any CPU
		{AD5B31EF-5A0B-411C-845C-6BC252ADFC31}.Release|Any CPU.ActiveCfg = Release|Any CPU
		{AD5B31EF-5A0B-411C-845C-6BC252ADFC31}.Release|Any CPU.Build.0 = Release|Any CPU
		{5D1EB5B4-E788-45D4-B3F2-E3DB52AE47DA}.AzureWebSites|Any CPU.ActiveCfg = Release|Any CPU
		{5D1EB5B4-E788-45D4-B3F2-E3DB52AE47DA}.AzureWebSites|Any CPU.Build.0 = Release|Any CPU
		{5D1EB5B4-E788-45D4-B3F2-E3DB52AE47DA}.Debug|Any CPU.ActiveCfg = Debug|Any CPU
		{5D1EB5B4-E788-45D4-B3F2-E3DB52AE47DA}.Debug|Any CPU.Build.0 = Debug|Any CPU
		{5D1EB5B4-E788-45D4-B3F2-E3DB52AE47DA}.Release|Any CPU.ActiveCfg = Release|Any CPU
		{5D1EB5B4-E788-45D4-B3F2-E3DB52AE47DA}.Release|Any CPU.Build.0 = Release|Any CPU
	EndGlobalSection
	GlobalSection(SolutionProperties) = preSolution
		HideSolutionNode = FALSE
	EndGlobalSection
	GlobalSection(NestedProjects) = preSolution
		{4A88F632-0340-48B2-B29B-11859C0A3D82} = {590378A3-69D8-4C3C-9E12-8024869E6B4D}
		{81C8B80A-880F-473C-82FA-B08557C7D0A6} = {475FFC7E-9841-4B4A-ABF9-694D41F34AF6}
		{D12C6E96-4893-408E-9F53-A142DC82E993} = {81C8B80A-880F-473C-82FA-B08557C7D0A6}
		{426991A6-546C-43D5-B055-A38D0175824F} = {81C8B80A-880F-473C-82FA-B08557C7D0A6}
		{5F0EAEA9-5226-46FF-A915-4DE9B3BA6ADD} = {81C8B80A-880F-473C-82FA-B08557C7D0A6}
		{332370A8-06EC-49A6-AF91-D291B7D0274C} = {81C8B80A-880F-473C-82FA-B08557C7D0A6}
		{138BBE56-71C5-4CCF-88B2-57BBC8EAC436} = {475FFC7E-9841-4B4A-ABF9-694D41F34AF6}
		{92CC9186-0A21-4E06-B11F-907584FBFD81} = {138BBE56-71C5-4CCF-88B2-57BBC8EAC436}
		{34A3B072-5ABC-4F7C-B7E8-0AB67C58CC61} = {138BBE56-71C5-4CCF-88B2-57BBC8EAC436}
		{4E9C2A0E-1350-4EBE-96CD-E4651B8E288A} = {260DF881-B858-4FC9-9FBD-A7B836F4E3E2}
		{B7EAEAF3-FC21-4788-B608-78E6A7778561} = {F49F2522-5830-4CA3-8575-D93A3BBFA1A4}
		{EB2046AA-3456-453A-BD0D-811F6497B867} = {3104EA4F-086B-4E64-942B-8CE834C1AC52}
		{69A5F51D-FEFE-4216-B8ED-8F656FBB8375} = {79356D90-29DA-4672-98A5-5E824D22C6E2}
		{AD5B31EF-5A0B-411C-845C-6BC252ADFC31} = {260DF881-B858-4FC9-9FBD-A7B836F4E3E2}
		{5D1EB5B4-E788-45D4-B3F2-E3DB52AE47DA} = {F49F2522-5830-4CA3-8575-D93A3BBFA1A4}
	EndGlobalSection
EndGlobal
